
Microsoft Visual Studio Solution File, Format Version 12.00
# Visual Studio Version 16
VisualStudioVersion = 16.0.29806.167
MinimumVisualStudioVersion = 10.0.40219.1
Project("{9A19103F-16F7-4668-BE54-9A1E7A4F7556}") = "OfficeQuotesScraper", "OfficeQuotesScraper\OfficeQuotesScraper.csproj", "{0E49658E-2BF6-4E44-B055-5A752D54D5AE}"
EndProject
Project("{9A19103F-16F7-4668-BE54-9A1E7A4F7556}") = "OfficeQuotes.Core", "OfficeQuotes.Core\OfficeQuotes.Core.csproj", "{AD4D2585-2E52-406E-BCBF-656DAD850C4C}"
EndProject
Project("{9A19103F-16F7-4668-BE54-9A1E7A4F7556}") = "OfficeQuotesBlazor", "OfficeQuotesBlazor\OfficeQuotesBlazor.csproj", "{0977E82E-8FCD-484C-B383-DAB233834877}"
EndProject
Global
	GlobalSection(SolutionConfigurationPlatforms) = preSolution
		Debug|Any CPU = Debug|Any CPU
		Release|Any CPU = Release|Any CPU
	EndGlobalSection
	GlobalSection(ProjectConfigurationPlatforms) = postSolution
		{0E49658E-2BF6-4E44-B055-5A752D54D5AE}.Debug|Any CPU.ActiveCfg = Debug|Any CPU
		{0E49658E-2BF6-4E44-B055-5A752D54D5AE}.Debug|Any CPU.Build.0 = Debug|Any CPU
		{0E49658E-2BF6-4E44-B055-5A752D54D5AE}.Release|Any CPU.ActiveCfg = Release|Any CPU
		{0E49658E-2BF6-4E44-B055-5A752D54D5AE}.Release|Any CPU.Build.0 = Release|Any CPU
		{AD4D2585-2E52-406E-BCBF-656DAD850C4C}.Debug|Any CPU.ActiveCfg = Debug|Any CPU
		{AD4D2585-2E52-406E-BCBF-656DAD850C4C}.Debug|Any CPU.Build.0 = Debug|Any CPU
		{AD4D2585-2E52-406E-BCBF-656DAD850C4C}.Release|Any CPU.ActiveCfg = Release|Any CPU
		{AD4D2585-2E52-406E-BCBF-656DAD850C4C}.Release|Any CPU.Build.0 = Release|Any CPU
		{0977E82E-8FCD-484C-B383-DAB233834877}.Debug|Any CPU.ActiveCfg = Debug|Any CPU
		{0977E82E-8FCD-484C-B383-DAB233834877}.Debug|Any CPU.Build.0 = Debug|Any CPU
		{0977E82E-8FCD-484C-B383-DAB233834877}.Release|Any CPU.ActiveCfg = Release|Any CPU
		{0977E82E-8FCD-484C-B383-DAB233834877}.Release|Any CPU.Build.0 = Release|Any CPU
	EndGlobalSection
	GlobalSection(SolutionProperties) = preSolution
		HideSolutionNode = FALSE
	EndGlobalSection
	GlobalSection(ExtensibilityGlobals) = postSolution
		SolutionGuid = {DE1FC150-86CD-45B4-A4FD-6FBC3EC05BB9}
	EndGlobalSection
EndGlobal
